
Microsoft Visual Studio Solution File, Format Version 12.00
# Visual Studio Version 17
VisualStudioVersion = 17.9.34607.119
MinimumVisualStudioVersion = 10.0.40219.1
Project("{FAE04EC0-301F-11D3-BF4B-00C04F79EFBC}") = "ECommerce", "ECommerce\ECommerce.csproj", "{2CD864AC-9502-465B-B8AA-9137FA0A76DD}"
EndProject
Global
	GlobalSection(SolutionConfigurationPlatforms) = preSolution
		Debug|Any CPU = Debug|Any CPU
		Release|Any CPU = Release|Any CPU
	EndGlobalSection
	GlobalSection(ProjectConfigurationPlatforms) = postSolution
		{2CD864AC-9502-465B-B8AA-9137FA0A76DD}.Debug|Any CPU.ActiveCfg = Debug|Any CPU
		{2CD864AC-9502-465B-B8AA-9137FA0A76DD}.Debug|Any CPU.Build.0 = Debug|Any CPU
		{2CD864AC-9502-465B-B8AA-9137FA0A76DD}.Release|Any CPU.ActiveCfg = Release|Any CPU
		{2CD864AC-9502-465B-B8AA-9137FA0A76DD}.Release|Any CPU.Build.0 = Release|Any CPU
	EndGlobalSection
	GlobalSection(SolutionProperties) = preSolution
		HideSolutionNode = FALSE
	EndGlobalSection
	GlobalSection(ExtensibilityGlobals) = postSolution
		SolutionGuid = {88E97BC1-1335-4A14-91DB-AFA6B62AE4F7}
	EndGlobalSection
EndGlobal
